
Microsoft Visual Studio Solution File, Format Version 12.00
# Visual Studio Version 16
VisualStudioVersion = 16.0.30711.63
MinimumVisualStudioVersion = 10.0.40219.1
Project("{FAE04EC0-301F-11D3-BF4B-00C04F79EFBC}") = "DT102G_project_api", "DT102G_project_api\DT102G_project_api.csproj", "{8FAFFCB4-B3B4-4F3C-848C-C7FDADE41043}"
EndProject
Project("{FAE04EC0-301F-11D3-BF4B-00C04F79EFBC}") = "DT102G_project_web", "DT102G_project_web\DT102G_project_web.csproj", "{B11336B2-7568-4EB9-89E7-169FB3A26E14}"
EndProject
Global
	GlobalSection(SolutionConfigurationPlatforms) = preSolution
		Debug|Any CPU = Debug|Any CPU
		Release|Any CPU = Release|Any CPU
	EndGlobalSection
	GlobalSection(ProjectConfigurationPlatforms) = postSolution
		{8FAFFCB4-B3B4-4F3C-848C-C7FDADE41043}.Debug|Any CPU.ActiveCfg = Debug|Any CPU
		{8FAFFCB4-B3B4-4F3C-848C-C7FDADE41043}.Debug|Any CPU.Build.0 = Debug|Any CPU
		{8FAFFCB4-B3B4-4F3C-848C-C7FDADE41043}.Release|Any CPU.ActiveCfg = Release|Any CPU
		{8FAFFCB4-B3B4-4F3C-848C-C7FDADE41043}.Release|Any CPU.Build.0 = Release|Any CPU
		{B11336B2-7568-4EB9-89E7-169FB3A26E14}.Debug|Any CPU.ActiveCfg = Debug|Any CPU
		{B11336B2-7568-4EB9-89E7-169FB3A26E14}.Debug|Any CPU.Build.0 = Debug|Any CPU
		{B11336B2-7568-4EB9-89E7-169FB3A26E14}.Release|Any CPU.ActiveCfg = Release|Any CPU
		{B11336B2-7568-4EB9-89E7-169FB3A26E14}.Release|Any CPU.Build.0 = Release|Any CPU
	EndGlobalSection
	GlobalSection(SolutionProperties) = preSolution
		HideSolutionNode = FALSE
	EndGlobalSection
	GlobalSection(ExtensibilityGlobals) = postSolution
		SolutionGuid = {60492BEE-DAD5-498F-A275-AAB8F543A529}
	EndGlobalSection
EndGlobal
